
Microsoft Visual Studio Solution File, Format Version 12.00
# Visual Studio Version 17
VisualStudioVersion = 17.3.32804.467
MinimumVisualStudioVersion = 10.0.40219.1
Project("{FAE04EC0-301F-11D3-BF4B-00C04F79EFBC}") = "WebApiMusica", "WebApiMusica\WebApiMusica.csproj", "{B81036A7-A73B-405E-9499-A968F7FE2C04}"
EndProject
Global
	GlobalSection(SolutionConfigurationPlatforms) = preSolution
		Debug|Any CPU = Debug|Any CPU
		Release|Any CPU = Release|Any CPU
	EndGlobalSection
	GlobalSection(ProjectConfigurationPlatforms) = postSolution
		{B81036A7-A73B-405E-9499-A968F7FE2C04}.Debug|Any CPU.ActiveCfg = Debug|Any CPU
		{B81036A7-A73B-405E-9499-A968F7FE2C04}.Debug|Any CPU.Build.0 = Debug|Any CPU
		{B81036A7-A73B-405E-9499-A968F7FE2C04}.Release|Any CPU.ActiveCfg = Release|Any CPU
		{B81036A7-A73B-405E-9499-A968F7FE2C04}.Release|Any CPU.Build.0 = Release|Any CPU
	EndGlobalSection
	GlobalSection(SolutionProperties) = preSolution
		HideSolutionNode = FALSE
	EndGlobalSection
	GlobalSection(ExtensibilityGlobals) = postSolution
		SolutionGuid = {956A672E-98A8-4A48-B6C8-A598F10EA388}
	EndGlobalSection
EndGlobal
